{
  "nodes": {
    "anyfs": {
      "inputs": {
        "nixpkgs": [
          "nixpkgs"
        ]
      },
      "locked": {
        "lastModified": 1745002890,
        "narHash": "sha256-aJnmdYS60GPptlaVK/8Vg1tebGIehpkrtEsb9VPo75c=",
        "owner": "igsha",
        "repo": "anyfs",
        "rev": "3a7d228ec205acb89c8d607f46af72653dc555a9",
        "type": "github"
      },
      "original": {
        "owner": "igsha",
        "repo": "anyfs",
        "type": "github"
      }
    },
    "nixpkgs": {
      "locked": {
        "lastModified": 1744932701,
        "narHash": "sha256-fusHbZCyv126cyArUwwKrLdCkgVAIaa/fQJYFlCEqiU=",
        "owner": "nixos",
        "repo": "nixpkgs",
        "rev": "b024ced1aac25639f8ca8fdfc2f8c4fbd66c48ef",
        "type": "github"
      },
      "original": {
        "owner": "nixos",
        "ref": "nixos-unstable",
        "repo": "nixpkgs",
        "type": "github"
      }
    },
    "root": {
      "inputs": {
        "anyfs": "anyfs",
        "nixpkgs": "nixpkgs"
      }
    }
  },
  "root": "root",
  "version": 7
}
