{
  "nodes": {
    "anyfs": {
      "inputs": {
        "nixpkgs": [
          "nixpkgs"
        ]
      },
      "locked": {
        "lastModified": 1736260184,
        "narHash": "sha256-snZvf9fm0PIWLs3I1y0LE33lKdyOJUjXaZy+x6JZtqw=",
        "owner": "igsha",
        "repo": "anyfs",
        "rev": "63f514b406b999da39fbd775b8379efa04da007b",
        "type": "github"
      },
      "original": {
        "owner": "igsha",
        "repo": "anyfs",
        "type": "github"
      }
    },
    "nixpkgs": {
      "locked": {
        "lastModified": 1735471104,
        "narHash": "sha256-0q9NGQySwDQc7RhAV2ukfnu7Gxa5/ybJ2ANT8DQrQrs=",
        "owner": "nixos",
        "repo": "nixpkgs",
        "rev": "88195a94f390381c6afcdaa933c2f6ff93959cb4",
        "type": "github"
      },
      "original": {
        "owner": "nixos",
        "ref": "nixos-unstable",
        "repo": "nixpkgs",
        "type": "github"
      }
    },
    "root": {
      "inputs": {
        "anyfs": "anyfs",
        "nixpkgs": "nixpkgs"
      }
    }
  },
  "root": "root",
  "version": 7
}
