{
  "nodes": {
    "anyfs": {
      "inputs": {
        "nixpkgs": [
          "nixpkgs"
        ]
      },
      "locked": {
        "lastModified": 1737278631,
        "narHash": "sha256-WiDbdx7XyVUMCqsLvOfTmWSzBURfpmga+G/2x1PUMCs=",
        "owner": "igsha",
        "repo": "anyfs",
        "rev": "598e5630e961e26042549c77fb3d9886eadbe09f",
        "type": "github"
      },
      "original": {
        "owner": "igsha",
        "repo": "anyfs",
        "type": "github"
      }
    },
    "nixpkgs": {
      "locked": {
        "lastModified": 1735471104,
        "narHash": "sha256-0q9NGQySwDQc7RhAV2ukfnu7Gxa5/ybJ2ANT8DQrQrs=",
        "owner": "nixos",
        "repo": "nixpkgs",
        "rev": "88195a94f390381c6afcdaa933c2f6ff93959cb4",
        "type": "github"
      },
      "original": {
        "owner": "nixos",
        "ref": "nixos-unstable",
        "repo": "nixpkgs",
        "type": "github"
      }
    },
    "root": {
      "inputs": {
        "anyfs": "anyfs",
        "nixpkgs": "nixpkgs"
      }
    }
  },
  "root": "root",
  "version": 7
}
